
Microsoft Visual Studio Solution File, Format Version 12.00
Project("{2150E333-8FDC-42A3-9474-1A3956D46DE8}") = "src", "src", "{A1295F33-A88D-4428-B3F4-E60A92D0AEFA}"
EndProject
Project("{FAE04EC0-301F-11D3-BF4B-00C04F79EFBC}") = "Research.Eth.Core", "src\Research.Eth.Core\Research.Eth.Core.csproj", "{AC3B2288-1D9D-4305-883B-D2AF6E18C642}"
EndProject
Project("{FAE04EC0-301F-11D3-BF4B-00C04F79EFBC}") = "Research.Eth.Commons", "src\Research.Eth.Commons\Research.Eth.Commons.csproj", "{4F8E2E25-F9E1-469E-8091-1B459724BD73}"
EndProject
Project("{FAE04EC0-301F-11D3-BF4B-00C04F79EFBC}") = "Research.Eth.Types", "src\Research.Eth.Types\Research.Eth.Types.csproj", "{25D7AC42-9759-4C8F-ACB9-BE9E928357D6}"
EndProject
Project("{FAE04EC0-301F-11D3-BF4B-00C04F79EFBC}") = "Research.Eth.Api", "src\Research.Eth.Api\Research.Eth.Api.csproj", "{07DAF543-BFE7-4E22-A886-966DC07237D1}"
EndProject
Project("{FAE04EC0-301F-11D3-BF4B-00C04F79EFBC}") = "Research.Eth.Persistence", "src\Research.Eth.Persistence\Research.Eth.Persistence.csproj", "{EE3EAE56-3332-4066-9F06-87444627D5AF}"
EndProject
Project("{FAE04EC0-301F-11D3-BF4B-00C04F79EFBC}") = "Research.Eth.Persistence.Extensions", "src\Research.Eth.Persistence.Extensions\Research.Eth.Persistence.Extensions.csproj", "{62CD190C-DB35-4B51-8120-AC47E135B6A1}"
EndProject
Project("{FAE04EC0-301F-11D3-BF4B-00C04F79EFBC}") = "Research.Eth.Persistence.Mongo", "src\Research.Eth.Persistence.Mongo\Research.Eth.Persistence.Mongo.csproj", "{560D4264-B6DA-49C2-AE76-E3AD88700D76}"
EndProject
Project("{FAE04EC0-301F-11D3-BF4B-00C04F79EFBC}") = "Research.Eth.Tests", "src\Research.Eth.Tests\Research.Eth.Tests.csproj", "{1B9A6376-A032-4C69-ADA0-6957CE34E4C6}"
EndProject
Project("{2150E333-8FDC-42A3-9474-1A3956D46DE8}") = "tests", "tests", "{F7450924-6E20-46DA-97F6-13D8662AE993}"
EndProject
Project("{2150E333-8FDC-42A3-9474-1A3956D46DE8}") = "artifacts", "artifacts", "{92218DFF-07CE-4E02-8516-DF58B7B03CF7}"
	ProjectSection(SolutionItems) = preProject
		artifacts\stack.yml = artifacts\stack.yml
	EndProjectSection
EndProject
Project("{FAE04EC0-301F-11D3-BF4B-00C04F79EFBC}") = "Research.Eth.DataAccess", "src\Research.Eth.DataAccess\Research.Eth.DataAccess.csproj", "{D80C791F-8915-45AB-9847-C612421CD77A}"
EndProject
Global
	GlobalSection(SolutionConfigurationPlatforms) = preSolution
		Debug|Any CPU = Debug|Any CPU
		Release|Any CPU = Release|Any CPU
	EndGlobalSection
	GlobalSection(NestedProjects) = preSolution
		{AC3B2288-1D9D-4305-883B-D2AF6E18C642} = {A1295F33-A88D-4428-B3F4-E60A92D0AEFA}
		{4F8E2E25-F9E1-469E-8091-1B459724BD73} = {A1295F33-A88D-4428-B3F4-E60A92D0AEFA}
		{25D7AC42-9759-4C8F-ACB9-BE9E928357D6} = {A1295F33-A88D-4428-B3F4-E60A92D0AEFA}
		{07DAF543-BFE7-4E22-A886-966DC07237D1} = {A1295F33-A88D-4428-B3F4-E60A92D0AEFA}
		{EE3EAE56-3332-4066-9F06-87444627D5AF} = {A1295F33-A88D-4428-B3F4-E60A92D0AEFA}
		{62CD190C-DB35-4B51-8120-AC47E135B6A1} = {A1295F33-A88D-4428-B3F4-E60A92D0AEFA}
		{560D4264-B6DA-49C2-AE76-E3AD88700D76} = {A1295F33-A88D-4428-B3F4-E60A92D0AEFA}
		{F7450924-6E20-46DA-97F6-13D8662AE993} = {A1295F33-A88D-4428-B3F4-E60A92D0AEFA}
		{1B9A6376-A032-4C69-ADA0-6957CE34E4C6} = {F7450924-6E20-46DA-97F6-13D8662AE993}
		{D80C791F-8915-45AB-9847-C612421CD77A} = {A1295F33-A88D-4428-B3F4-E60A92D0AEFA}
	EndGlobalSection
	GlobalSection(ProjectConfigurationPlatforms) = postSolution
		{AC3B2288-1D9D-4305-883B-D2AF6E18C642}.Debug|Any CPU.ActiveCfg = Debug|Any CPU
		{AC3B2288-1D9D-4305-883B-D2AF6E18C642}.Debug|Any CPU.Build.0 = Debug|Any CPU
		{AC3B2288-1D9D-4305-883B-D2AF6E18C642}.Release|Any CPU.ActiveCfg = Release|Any CPU
		{AC3B2288-1D9D-4305-883B-D2AF6E18C642}.Release|Any CPU.Build.0 = Release|Any CPU
		{4F8E2E25-F9E1-469E-8091-1B459724BD73}.Debug|Any CPU.ActiveCfg = Debug|Any CPU
		{4F8E2E25-F9E1-469E-8091-1B459724BD73}.Debug|Any CPU.Build.0 = Debug|Any CPU
		{4F8E2E25-F9E1-469E-8091-1B459724BD73}.Release|Any CPU.ActiveCfg = Release|Any CPU
		{4F8E2E25-F9E1-469E-8091-1B459724BD73}.Release|Any CPU.Build.0 = Release|Any CPU
		{25D7AC42-9759-4C8F-ACB9-BE9E928357D6}.Debug|Any CPU.ActiveCfg = Debug|Any CPU
		{25D7AC42-9759-4C8F-ACB9-BE9E928357D6}.Debug|Any CPU.Build.0 = Debug|Any CPU
		{25D7AC42-9759-4C8F-ACB9-BE9E928357D6}.Release|Any CPU.ActiveCfg = Release|Any CPU
		{25D7AC42-9759-4C8F-ACB9-BE9E928357D6}.Release|Any CPU.Build.0 = Release|Any CPU
		{07DAF543-BFE7-4E22-A886-966DC07237D1}.Debug|Any CPU.ActiveCfg = Debug|Any CPU
		{07DAF543-BFE7-4E22-A886-966DC07237D1}.Debug|Any CPU.Build.0 = Debug|Any CPU
		{07DAF543-BFE7-4E22-A886-966DC07237D1}.Release|Any CPU.ActiveCfg = Release|Any CPU
		{07DAF543-BFE7-4E22-A886-966DC07237D1}.Release|Any CPU.Build.0 = Release|Any CPU
		{EE3EAE56-3332-4066-9F06-87444627D5AF}.Debug|Any CPU.ActiveCfg = Debug|Any CPU
		{EE3EAE56-3332-4066-9F06-87444627D5AF}.Debug|Any CPU.Build.0 = Debug|Any CPU
		{EE3EAE56-3332-4066-9F06-87444627D5AF}.Release|Any CPU.ActiveCfg = Release|Any CPU
		{EE3EAE56-3332-4066-9F06-87444627D5AF}.Release|Any CPU.Build.0 = Release|Any CPU
		{62CD190C-DB35-4B51-8120-AC47E135B6A1}.Debug|Any CPU.ActiveCfg = Debug|Any CPU
		{62CD190C-DB35-4B51-8120-AC47E135B6A1}.Debug|Any CPU.Build.0 = Debug|Any CPU
		{62CD190C-DB35-4B51-8120-AC47E135B6A1}.Release|Any CPU.ActiveCfg = Release|Any CPU
		{62CD190C-DB35-4B51-8120-AC47E135B6A1}.Release|Any CPU.Build.0 = Release|Any CPU
		{560D4264-B6DA-49C2-AE76-E3AD88700D76}.Debug|Any CPU.ActiveCfg = Debug|Any CPU
		{560D4264-B6DA-49C2-AE76-E3AD88700D76}.Debug|Any CPU.Build.0 = Debug|Any CPU
		{560D4264-B6DA-49C2-AE76-E3AD88700D76}.Release|Any CPU.ActiveCfg = Release|Any CPU
		{560D4264-B6DA-49C2-AE76-E3AD88700D76}.Release|Any CPU.Build.0 = Release|Any CPU
		{1B9A6376-A032-4C69-ADA0-6957CE34E4C6}.Debug|Any CPU.ActiveCfg = Debug|Any CPU
		{1B9A6376-A032-4C69-ADA0-6957CE34E4C6}.Debug|Any CPU.Build.0 = Debug|Any CPU
		{1B9A6376-A032-4C69-ADA0-6957CE34E4C6}.Release|Any CPU.ActiveCfg = Release|Any CPU
		{1B9A6376-A032-4C69-ADA0-6957CE34E4C6}.Release|Any CPU.Build.0 = Release|Any CPU
		{D80C791F-8915-45AB-9847-C612421CD77A}.Debug|Any CPU.ActiveCfg = Debug|Any CPU
		{D80C791F-8915-45AB-9847-C612421CD77A}.Debug|Any CPU.Build.0 = Debug|Any CPU
		{D80C791F-8915-45AB-9847-C612421CD77A}.Release|Any CPU.ActiveCfg = Release|Any CPU
		{D80C791F-8915-45AB-9847-C612421CD77A}.Release|Any CPU.Build.0 = Release|Any CPU
	EndGlobalSection
EndGlobal
